
Microsoft Visual Studio Solution File, Format Version 12.00
# Visual Studio Version 17
VisualStudioVersion = 17.7.34031.279
MinimumVisualStudioVersion = 10.0.40219.1
Project("{9A19103F-16F7-4668-BE54-9A1E7A4F7556}") = "FHIRTestDemo", "FHIRTestDemo\FHIRTestDemo.csproj", "{959616FD-75B5-4BC9-A61A-D0D3656ADCEB}"
EndProject
Global
	GlobalSection(SolutionConfigurationPlatforms) = preSolution
		Debug|Any CPU = Debug|Any CPU
		Release|Any CPU = Release|Any CPU
	EndGlobalSection
	GlobalSection(ProjectConfigurationPlatforms) = postSolution
		{959616FD-75B5-4BC9-A61A-D0D3656ADCEB}.Debug|Any CPU.ActiveCfg = Debug|Any CPU
		{959616FD-75B5-4BC9-A61A-D0D3656ADCEB}.Debug|Any CPU.Build.0 = Debug|Any CPU
		{959616FD-75B5-4BC9-A61A-D0D3656ADCEB}.Release|Any CPU.ActiveCfg = Release|Any CPU
		{959616FD-75B5-4BC9-A61A-D0D3656ADCEB}.Release|Any CPU.Build.0 = Release|Any CPU
	EndGlobalSection
	GlobalSection(SolutionProperties) = preSolution
		HideSolutionNode = FALSE
	EndGlobalSection
	GlobalSection(ExtensibilityGlobals) = postSolution
		SolutionGuid = {54ADC372-BDFD-4D2D-B6FD-A8FF917F686E}
	EndGlobalSection
	GlobalSection(TeamFoundationVersionControl) = preSolution
		SccNumberOfProjects = 2
		SccEnterpriseProvider = {4CA58AB2-18FA-4F8D-95D4-32DDF27D184C}
		SccTeamFoundationServer = http://trd-tfs-05:8080/tmhtc/tmhtc
		SccLocalPath0 = .
		SccProjectUniqueName1 = FHIRTestDemo\\FHIRTestDemo.csproj
		SccProjectName1 = FHIRTestDemo
		SccLocalPath1 = FHIRTestDemo
	EndGlobalSection
EndGlobal
